
Microsoft Visual Studio Solution File, Format Version 12.00
# Visual Studio Version 17
VisualStudioVersion = 17.4.33205.214
MinimumVisualStudioVersion = 10.0.40219.1
Project("{9A19103F-16F7-4668-BE54-9A1E7A4F7556}") = "GCM.FinancialMarketNotifier.Admin", "GCM.FinancialMarketNotifier.Admin\GCM.FinancialMarketNotifier.Admin.csproj", "{8B253D44-5675-4142-AAC9-BECC99765C45}"
EndProject
Project("{2150E333-8FDC-42A3-9474-1A3956D46DE8}") = "src", "src", "{0F0CD5A9-A3F7-4FC5-BB5F-5ABFFE099E74}"
EndProject
Project("{2150E333-8FDC-42A3-9474-1A3956D46DE8}") = "01-UI", "01-UI", "{98580F47-F9F0-45F1-8F67-072E166930B3}"
EndProject
Project("{2150E333-8FDC-42A3-9474-1A3956D46DE8}") = "02-Domain", "02-Domain", "{9627FD97-05FE-448D-AB49-C10FE3D5852A}"
EndProject
Project("{2150E333-8FDC-42A3-9474-1A3956D46DE8}") = "03-Infra", "03-Infra", "{F13C9FD3-84A6-4045-9903-B495F8918DA5}"
EndProject
Project("{2150E333-8FDC-42A3-9474-1A3956D46DE8}") = "tests", "tests", "{30A50F58-7EA4-4DBC-BEB8-A5433B2BBB39}"
EndProject
Project("{FAE04EC0-301F-11D3-BF4B-00C04F79EFBC}") = "GCM.FinancialMarketNotifier.Domain", "GCM.FinancialMarketNotifier.Domain\GCM.FinancialMarketNotifier.Domain.csproj", "{0C43ED47-A847-4A71-8E4D-E6BD11171AE5}"
EndProject
Project("{FAE04EC0-301F-11D3-BF4B-00C04F79EFBC}") = "GCM.FinancialMarketNotifier.AntiCorruption", "GCM.FinancialMarketNotifier.AntiCorruption\GCM.FinancialMarketNotifier.AntiCorruption.csproj", "{B4F98FD8-4B0C-47FB-A30D-DA15BD4779ED}"
EndProject
Project("{2150E333-8FDC-42A3-9474-1A3956D46DE8}") = "UnitTests", "UnitTests", "{9B159F18-4A2F-45A7-A050-A5887DE5E32B}"
EndProject
Global
	GlobalSection(SolutionConfigurationPlatforms) = preSolution
		Debug|Any CPU = Debug|Any CPU
		Release|Any CPU = Release|Any CPU
	EndGlobalSection
	GlobalSection(ProjectConfigurationPlatforms) = postSolution
		{8B253D44-5675-4142-AAC9-BECC99765C45}.Debug|Any CPU.ActiveCfg = Debug|Any CPU
		{8B253D44-5675-4142-AAC9-BECC99765C45}.Debug|Any CPU.Build.0 = Debug|Any CPU
		{8B253D44-5675-4142-AAC9-BECC99765C45}.Release|Any CPU.ActiveCfg = Release|Any CPU
		{8B253D44-5675-4142-AAC9-BECC99765C45}.Release|Any CPU.Build.0 = Release|Any CPU
		{0C43ED47-A847-4A71-8E4D-E6BD11171AE5}.Debug|Any CPU.ActiveCfg = Debug|Any CPU
		{0C43ED47-A847-4A71-8E4D-E6BD11171AE5}.Debug|Any CPU.Build.0 = Debug|Any CPU
		{0C43ED47-A847-4A71-8E4D-E6BD11171AE5}.Release|Any CPU.ActiveCfg = Release|Any CPU
		{0C43ED47-A847-4A71-8E4D-E6BD11171AE5}.Release|Any CPU.Build.0 = Release|Any CPU
		{B4F98FD8-4B0C-47FB-A30D-DA15BD4779ED}.Debug|Any CPU.ActiveCfg = Debug|Any CPU
		{B4F98FD8-4B0C-47FB-A30D-DA15BD4779ED}.Debug|Any CPU.Build.0 = Debug|Any CPU
		{B4F98FD8-4B0C-47FB-A30D-DA15BD4779ED}.Release|Any CPU.ActiveCfg = Release|Any CPU
		{B4F98FD8-4B0C-47FB-A30D-DA15BD4779ED}.Release|Any CPU.Build.0 = Release|Any CPU
	EndGlobalSection
	GlobalSection(SolutionProperties) = preSolution
		HideSolutionNode = FALSE
	EndGlobalSection
	GlobalSection(NestedProjects) = preSolution
		{8B253D44-5675-4142-AAC9-BECC99765C45} = {98580F47-F9F0-45F1-8F67-072E166930B3}
		{98580F47-F9F0-45F1-8F67-072E166930B3} = {0F0CD5A9-A3F7-4FC5-BB5F-5ABFFE099E74}
		{9627FD97-05FE-448D-AB49-C10FE3D5852A} = {0F0CD5A9-A3F7-4FC5-BB5F-5ABFFE099E74}
		{F13C9FD3-84A6-4045-9903-B495F8918DA5} = {0F0CD5A9-A3F7-4FC5-BB5F-5ABFFE099E74}
		{0C43ED47-A847-4A71-8E4D-E6BD11171AE5} = {9627FD97-05FE-448D-AB49-C10FE3D5852A}
		{B4F98FD8-4B0C-47FB-A30D-DA15BD4779ED} = {F13C9FD3-84A6-4045-9903-B495F8918DA5}
		{9B159F18-4A2F-45A7-A050-A5887DE5E32B} = {30A50F58-7EA4-4DBC-BEB8-A5433B2BBB39}
	EndGlobalSection
	GlobalSection(ExtensibilityGlobals) = postSolution
		SolutionGuid = {DA6B2FC7-B441-4504-8BEC-3B0959F7D003}
	EndGlobalSection
EndGlobal
